
Microsoft Visual Studio Solution File, Format Version 12.00
# Visual Studio 15
VisualStudioVersion = 15.0.28010.2026
MinimumVisualStudioVersion = 10.0.40219.1
Project("{FAE04EC0-301F-11D3-BF4B-00C04F79EFBC}") = "Movies_MidTerm", "Movies_MidTerm\Movies_MidTerm.csproj", "{AB8673D3-A3F4-45D3-B895-E77A11C0C1E1}"
EndProject
Global
	GlobalSection(SolutionConfigurationPlatforms) = preSolution
		Debug|Any CPU = Debug|Any CPU
		Release|Any CPU = Release|Any CPU
	EndGlobalSection
	GlobalSection(ProjectConfigurationPlatforms) = postSolution
		{AB8673D3-A3F4-45D3-B895-E77A11C0C1E1}.Debug|Any CPU.ActiveCfg = Debug|Any CPU
		{AB8673D3-A3F4-45D3-B895-E77A11C0C1E1}.Debug|Any CPU.Build.0 = Debug|Any CPU
		{AB8673D3-A3F4-45D3-B895-E77A11C0C1E1}.Release|Any CPU.ActiveCfg = Release|Any CPU
		{AB8673D3-A3F4-45D3-B895-E77A11C0C1E1}.Release|Any CPU.Build.0 = Release|Any CPU
	EndGlobalSection
	GlobalSection(SolutionProperties) = preSolution
		HideSolutionNode = FALSE
	EndGlobalSection
	GlobalSection(ExtensibilityGlobals) = postSolution
		SolutionGuid = {3E20ED6A-9898-4D8A-A42D-869973311548}
	EndGlobalSection
EndGlobal
